
Microsoft Visual Studio Solution File, Format Version 12.00
# Visual Studio 15
VisualStudioVersion = 15.0.26730.15
MinimumVisualStudioVersion = 10.0.40219.1
Project("{FAE04EC0-301F-11D3-BF4B-00C04F79EFBC}") = "MeVersusMany", "MeVersusMany\MeVersusMany.csproj", "{F3383B7F-727E-4E3C-AAC5-6E5E81245EC8}"
EndProject
Global
	GlobalSection(SolutionConfigurationPlatforms) = preSolution
		Debug|Any CPU = Debug|Any CPU
		Debug|x86 = Debug|x86
		Release|Any CPU = Release|Any CPU
		Release|x86 = Release|x86
	EndGlobalSection
	GlobalSection(ProjectConfigurationPlatforms) = postSolution
		{F3383B7F-727E-4E3C-AAC5-6E5E81245EC8}.Debug|Any CPU.ActiveCfg = Debug|Any CPU
		{F3383B7F-727E-4E3C-AAC5-6E5E81245EC8}.Debug|Any CPU.Build.0 = Debug|Any CPU
		{F3383B7F-727E-4E3C-AAC5-6E5E81245EC8}.Debug|x86.ActiveCfg = Debug|x86
		{F3383B7F-727E-4E3C-AAC5-6E5E81245EC8}.Debug|x86.Build.0 = Debug|x86
		{F3383B7F-727E-4E3C-AAC5-6E5E81245EC8}.Release|Any CPU.ActiveCfg = Release|Any CPU
		{F3383B7F-727E-4E3C-AAC5-6E5E81245EC8}.Release|Any CPU.Build.0 = Release|Any CPU
		{F3383B7F-727E-4E3C-AAC5-6E5E81245EC8}.Release|x86.ActiveCfg = Release|x86
		{F3383B7F-727E-4E3C-AAC5-6E5E81245EC8}.Release|x86.Build.0 = Release|x86
	EndGlobalSection
	GlobalSection(SolutionProperties) = preSolution
		HideSolutionNode = FALSE
	EndGlobalSection
	GlobalSection(ExtensibilityGlobals) = postSolution
		SolutionGuid = {26C17E24-8B2D-410A-B258-058751F086E9}
	EndGlobalSection
EndGlobal
